[root]
name = "litcrypt"
version = "0.0.1"
dependencies = [
 "aster 0.36.0 (registry+https://github.com/rust-lang/crates.io-index)",
 "rustc-serialize 0.3.22 (registry+https://github.com/rust-lang/crates.io-index)",
 "xor 0.1.4",
]

[[package]]
name = "aster"
version = "0.36.0"
source = "registry+https://github.com/rust-lang/crates.io-index"

[[package]]
name = "rustc-serialize"
version = "0.3.22"
source = "registry+https://github.com/rust-lang/crates.io-index"

[[package]]
name = "xor"
version = "0.1.4"
dependencies = [
 "rustc-serialize 0.3.22 (registry+https://github.com/rust-lang/crates.io-index)",
]

[metadata]
"checksum aster 0.36.0 (registry+https://github.com/rust-lang/crates.io-index)" = "365684a2d8153bde2ca60826e54c8d3df76e06578ed868f8baaf91ae811af07b"
"checksum rustc-serialize 0.3.22 (registry+https://github.com/rust-lang/crates.io-index)" = "237546c689f20bb44980270c73c3b9edd0891c1be49cc1274406134a66d3957b"
